
Microsoft Visual Studio Solution File, Format Version 12.00
# Visual Studio 15
VisualStudioVersion = 15.0.28010.2046
MinimumVisualStudioVersion = 10.0.40219.1
Project("{9A19103F-16F7-4668-BE54-9A1E7A4F7556}") = "SalesWebMvc", "SalesWebMvc.csproj", "{22E4F5E7-0C4F-4AE8-8645-1B137C4EF615}"
EndProject
Global
	GlobalSection(SolutionConfigurationPlatforms) = preSolution
		Debug|Any CPU = Debug|Any CPU
		Release|Any CPU = Release|Any CPU
	EndGlobalSection
	GlobalSection(ProjectConfigurationPlatforms) = postSolution
		{22E4F5E7-0C4F-4AE8-8645-1B137C4EF615}.Debug|Any CPU.ActiveCfg = Debug|Any CPU
		{22E4F5E7-0C4F-4AE8-8645-1B137C4EF615}.Debug|Any CPU.Build.0 = Debug|Any CPU
		{22E4F5E7-0C4F-4AE8-8645-1B137C4EF615}.Release|Any CPU.ActiveCfg = Release|Any CPU
		{22E4F5E7-0C4F-4AE8-8645-1B137C4EF615}.Release|Any CPU.Build.0 = Release|Any CPU
	EndGlobalSection
	GlobalSection(SolutionProperties) = preSolution
		HideSolutionNode = FALSE
	EndGlobalSection
	GlobalSection(ExtensibilityGlobals) = postSolution
		SolutionGuid = {6C7E7A37-8937-46ED-A83A-260F5EFC3BEE}
	EndGlobalSection
EndGlobal
