
Microsoft Visual Studio Solution File, Format Version 12.00
# Visual Studio 15
VisualStudioVersion = 15.0.28010.2046
MinimumVisualStudioVersion = 10.0.40219.1
Project("{FAE04EC0-301F-11D3-BF4B-00C04F79EFBC}") = "SalesWebMvc", "SalesWebMvc\SalesWebMvc.csproj", "{2E3AE191-6E69-403E-BC67-0660ABF11749}"
EndProject
Global
	GlobalSection(SolutionConfigurationPlatforms) = preSolution
		Debug|Any CPU = Debug|Any CPU
		Release|Any CPU = Release|Any CPU
	EndGlobalSection
	GlobalSection(ProjectConfigurationPlatforms) = postSolution
		{2E3AE191-6E69-403E-BC67-0660ABF11749}.Debug|Any CPU.ActiveCfg = Debug|Any CPU
		{2E3AE191-6E69-403E-BC67-0660ABF11749}.Debug|Any CPU.Build.0 = Debug|Any CPU
		{2E3AE191-6E69-403E-BC67-0660ABF11749}.Release|Any CPU.ActiveCfg = Release|Any CPU
		{2E3AE191-6E69-403E-BC67-0660ABF11749}.Release|Any CPU.Build.0 = Release|Any CPU
	EndGlobalSection
	GlobalSection(SolutionProperties) = preSolution
		HideSolutionNode = FALSE
	EndGlobalSection
	GlobalSection(ExtensibilityGlobals) = postSolution
		SolutionGuid = {B5F30533-EDD2-4004-BF51-3BD3F8C3474E}
	EndGlobalSection
EndGlobal
