
Microsoft Visual Studio Solution File, Format Version 12.00
# Visual Studio 15
VisualStudioVersion = 15.0.28010.2046
MinimumVisualStudioVersion = 10.0.40219.1
Project("{FAE04EC0-301F-11D3-BF4B-00C04F79EFBC}") = "primeiro-projeto", "primeiro-projeto\primeiro-projeto.csproj", "{621718DC-6B80-4CC9-8386-98F377DE8334}"
EndProject
Global
	GlobalSection(SolutionConfigurationPlatforms) = preSolution
		Debug|Any CPU = Debug|Any CPU
		Release|Any CPU = Release|Any CPU
	EndGlobalSection
	GlobalSection(ProjectConfigurationPlatforms) = postSolution
		{621718DC-6B80-4CC9-8386-98F377DE8334}.Debug|Any CPU.ActiveCfg = Debug|Any CPU
		{621718DC-6B80-4CC9-8386-98F377DE8334}.Debug|Any CPU.Build.0 = Debug|Any CPU
		{621718DC-6B80-4CC9-8386-98F377DE8334}.Release|Any CPU.ActiveCfg = Release|Any CPU
		{621718DC-6B80-4CC9-8386-98F377DE8334}.Release|Any CPU.Build.0 = Release|Any CPU
	EndGlobalSection
	GlobalSection(SolutionProperties) = preSolution
		HideSolutionNode = FALSE
	EndGlobalSection
	GlobalSection(ExtensibilityGlobals) = postSolution
		SolutionGuid = {E931DBCE-DFFC-4452-9831-291A3242562F}
	EndGlobalSection
EndGlobal
